// !$*UTF8*$!
{
	archiveVersion = 1;
	classes = {
	};
	objectVersion = 46;
	objects = {

/* Begin PBXBuildFile section */
		03D8657F1A904F4E009D1377 /* main.m in Sources */ = {isa = PBXBuildFile; fileRef = 03D8657E1A904F4E009D1377 /* main.m */; };
		03D865821A904F4E009D1377 /* AppDelegate.m in Sources */ = {isa = PBXBuildFile; fileRef = 03D865811A904F4E009D1377 /* AppDelegate.m */; };
		03D865851A904F4E009D1377 /* ViewController.m in Sources */ = {isa = PBXBuildFile; fileRef = 03D865841A904F4E009D1377 /* ViewController.m */; };
		03D865881A904F4E009D1377 /* Main.storyboard in Resources */ = {isa = PBXBuildFile; fileRef = 03D865861A904F4E009D1377 /* Main.storyboard */; };
		03D8658A1A904F4E009D1377 /* Images.xcassets in Resources */ = {isa = PBXBuildFile; fileRef = 03D865891A904F4E009D1377 /* Images.xcassets */; };
		03D8658D1A904F4E009D1377 /* LaunchScreen.xib in Resources */ = {isa = PBXBuildFile; fileRef = 03D8658B1A904F4E009D1377 /* LaunchScreen.xib */; };
		03D865991A904F4E009D1377 /* UStatesTests.m in Sources */ = {isa = PBXBuildFile; fileRef = 03D865981A904F4E009D1377 /* UStatesTests.m */; };
		03D865A41A9072C4009D1377 /* SecondViewController.m in Sources */ = {isa = PBXBuildFile; fileRef = 03D865A31A9072C4009D1377 /* SecondViewController.m */; };
/* End PBXBuildFile section */

/* Begin PBXContainerItemProxy section */
		03D865931A904F4E009D1377 /* PBXContainerItemProxy */ = {
			isa = PBXContainerItemProxy;
			containerPortal = 03D865711A904F4E009D1377 /* Project object */;
			proxyType = 1;
			remoteGlobalIDString = 03D865781A904F4E009D1377;
			remoteInfo = UStates;
		};
/* End PBXContainerItemProxy section */

/* Begin PBXFileReference section */
		03D865791A904F4E009D1377 /* UStates.app */ = {isa = PBXFileReference; explicitFileType = wrapper.application; includeInIndex = 0; path = UStates.app; sourceTree = BUILT_PRODUCTS_DIR; };
		03D8657D1A904F4E009D1377 /* Info.plist */ = {isa = PBXFileReference; lastKnownFileType = text.plist.xml; path = Info.plist; sourceTree = "<group>"; };
		03D8657E1A904F4E009D1377 /* main.m */ = {isa = PBXFileReference; lastKnownFileType = sourcecode.c.objc; path = main.m; sourceTree = "<group>"; };
		03D865801A904F4E009D1377 /* AppDelegate.h */ = {isa = PBXFileReference; lastKnownFileType = sourcecode.c.h; path = AppDelegate.h; sourceTree = "<group>"; };
		03D865811A904F4E009D1377 /* AppDelegate.m */ = {isa = PBXFileReference; lastKnownFileType = sourcecode.c.objc; path = AppDelegate.m; sourceTree = "<group>"; };
		03D865831A904F4E009D1377 /* ViewController.h */ = {isa = PBXFileReference; lastKnownFileType = sourcecode.c.h; path = ViewController.h; sourceTree = "<group>"; };
		03D865841A904F4E009D1377 /* ViewController.m */ = {isa = PBXFileReference; lastKnownFileType = sourcecode.c.objc; path = ViewController.m; sourceTree = "<group>"; };
		03D865871A904F4E009D1377 /* Base */ = {isa = PBXFileReference; lastKnownFileType = file.storyboard; name = Base; path = Base.lproj/Main.storyboard; sourceTree = "<group>"; };
		03D865891A904F4E009D1377 /* Images.xcassets */ = {isa = PBXFileReference; lastKnownFileType = folder.assetcatalog; path = Images.xcassets; sourceTree = "<group>"; };
		03D8658C1A904F4E009D1377 /* Base */ = {isa = PBXFileReference; lastKnownFileType = file.xib; name = Base; path = Base.lproj/LaunchScreen.xib; sourceTree = "<group>"; };
		03D865921A904F4E009D1377 /* UStatesTests.xctest */ = {isa = PBXFileReference; explicitFileType = wrapper.cfbundle; includeInIndex = 0; path = UStatesTests.xctest; sourceTree = BUILT_PRODUCTS_DIR; };
		03D865971A904F4E009D1377 /* Info.plist */ = {isa = PBXFileReference; lastKnownFileType = text.plist.xml; path = Info.plist; sourceTree = "<group>"; };
		03D865981A904F4E009D1377 /* UStatesTests.m */ = {isa = PBXFileReference; lastKnownFileType = sourcecode.c.objc; path = UStatesTests.m; sourceTree = "<group>"; };
		03D865A21A9072C4009D1377 /* SecondViewController.h */ = {isa = PBXFileReference; fileEncoding = 4; lastKnownFileType = sourcecode.c.h; path = SecondViewController.h; sourceTree = "<group>"; };
		03D865A31A9072C4009D1377 /* SecondViewController.m */ = {isa = PBXFileReference; fileEncoding = 4; lastKnownFileType = sourcecode.c.objc; path = SecondViewController.m; sourceTree = "<group>"; };
/* End PBXFileReference section */

/* Begin PBXFrameworksBuildPhase section */
		03D865761A904F4E009D1377 /* Frameworks */ = {
			isa = PBXFrameworksBuildPhase;
			buildActionMask = 2147483647;
			files = (
			);
			runOnlyForDeploymentPostprocessing = 0;
		};
		03D8658F1A904F4E009D1377 /* Frameworks */ = {
			isa = PBXFrameworksBuildPhase;
			buildActionMask = 2147483647;
			files = (
			);
			runOnlyForDeploymentPostprocessing = 0;
		};
/* End PBXFrameworksBuildPhase section */

/* Begin PBXGroup section */
		03D865701A904F4E009D1377 = {
			isa = PBXGroup;
			children = (
				03D8657B1A904F4E009D1377 /* UStates */,
				03D865951A904F4E009D1377 /* UStatesTests */,
				03D8657A1A904F4E009D1377 /* Products */,
			);
			sourceTree = "<group>";
		};
		03D8657A1A904F4E009D1377 /* Products */ = {
			isa = PBXGroup;
			children = (
				03D865791A904F4E009D1377 /* UStates.app */,
				03D865921A904F4E009D1377 /* UStatesTests.xctest */,
			);
			name = Products;
			sourceTree = "<group>";
		};
		03D8657B1A904F4E009D1377 /* UStates */ = {
			isa = PBXGroup;
			children = (
				03D865801A904F4E009D1377 /* AppDelegate.h */,
				03D865811A904F4E009D1377 /* AppDelegate.m */,
				03D865831A904F4E009D1377 /* ViewController.h */,
				03D865841A904F4E009D1377 /* ViewController.m */,
				03D865861A904F4E009D1377 /* Main.storyboard */,
				03D865A21A9072C4009D1377 /* SecondViewController.h */,
				03D865A31A9072C4009D1377 /* SecondViewController.m */,
				03D865891A904F4E009D1377 /* Images.xcassets */,
				03D8658B1A904F4E009D1377 /* LaunchScreen.xib */,
				03D8657C1A904F4E009D1377 /* Supporting Files */,
			);
			path = UStates;
			sourceTree = "<group>";
		};
		03D8657C1A904F4E009D1377 /* Supporting Files */ = {
			isa = PBXGroup;
			children = (
				03D8657D1A904F4E009D1377 /* Info.plist */,
				03D8657E1A904F4E009D1377 /* main.m */,
			);
			name = "Supporting Files";
			sourceTree = "<group>";
		};
		03D865951A904F4E009D1377 /* UStatesTests */ = {
			isa = PBXGroup;
			children = (
				03D865981A904F4E009D1377 /* UStatesTests.m */,
				03D865961A904F4E009D1377 /* Supporting Files */,
			);
			path = UStatesTests;
			sourceTree = "<group>";
		};
		03D865961A904F4E009D1377 /* Supporting Files */ = {
			isa = PBXGroup;
			children = (
				03D865971A904F4E009D1377 /* Info.plist */,
			);
			name = "Supporting Files";
			sourceTree = "<group>";
		};
/* End PBXGroup section */

/* Begin PBXNativeTarget section */
		03D865781A904F4E009D1377 /* UStates */ = {
			isa = PBXNativeTarget;
			buildConfigurationList = 03D8659C1A904F4E009D1377 /* Build configuration list for PBXNativeTarget "UStates" */;
			buildPhases = (
				03D865751A904F4E009D1377 /* Sources */,
				03D865761A904F4E009D1377 /* Frameworks */,
				03D865771A904F4E009D1377 /* Resources */,
			);
			buildRules = (
			);
			dependencies = (
			);
			name = UStates;
			productName = UStates;
			productReference = 03D865791A904F4E009D1377 /* UStates.app */;
			productType = "com.apple.product-type.application";
		};
		03D865911A904F4E009D1377 /* UStatesTests */ = {
			isa = PBXNativeTarget;
			buildConfigurationList = 03D8659F1A904F4E009D1377 /* Build configuration list for PBXNativeTarget "UStatesTests" */;
			buildPhases = (
				03D8658E1A904F4E009D1377 /* Sources */,
				03D8658F1A904F4E009D1377 /* Frameworks */,
				03D865901A904F4E009D1377 /* Resources */,
			);
			buildRules = (
			);
			dependencies = (
				03D865941A904F4E009D1377 /* PBXTargetDependency */,
			);
			name = UStatesTests;
			productName = UStatesTests;
			productReference = 03D865921A904F4E009D1377 /* UStatesTests.xctest */;
			productType = "com.apple.product-type.bundle.unit-test";
		};
/* End PBXNativeTarget section */

/* Begin PBXProject section */
		03D865711A904F4E009D1377 /* Project object */ = {
			isa = PBXProject;
			attributes = {
				LastUpgradeCheck = 0610;
				ORGANIZATIONNAME = french.chagrin;
				TargetAttributes = {
					03D865781A904F4E009D1377 = {
						CreatedOnToolsVersion = 6.1.1;
					};
					03D865911A904F4E009D1377 = {
						CreatedOnToolsVersion = 6.1.1;
						TestTargetID = 03D865781A904F4E009D1377;
					};
				};
			};
			buildConfigurationList = 03D865741A904F4E009D1377 /* Build configuration list for PBXProject "UStates" */;
			compatibilityVersion = "Xcode 3.2";
			developmentRegion = English;
			hasScannedForEncodings = 0;
			knownRegions = (
				en,
				Base,
			);
			mainGroup = 03D865701A904F4E009D1377;
			productRefGroup = 03D8657A1A904F4E009D1377 /* Products */;
			projectDirPath = "";
			projectRoot = "";
			targets = (
				03D865781A904F4E009D1377 /* UStates */,
				03D865911A904F4E009D1377 /* UStatesTests */,
			);
		};
/* End PBXProject section */

/* Begin PBXResourcesBuildPhase section */
		03D865771A904F4E009D1377 /* Resources */ = {
			isa = PBXResourcesBuildPhase;
			buildActionMask = 2147483647;
			files = (
				03D865881A904F4E009D1377 /* Main.storyboard in Resources */,
				03D8658D1A904F4E009D1377 /* LaunchScreen.xib in Resources */,
				03D8658A1A904F4E009D1377 /* Images.xcassets in Resources */,
			);
			runOnlyForDeploymentPostprocessing = 0;
		};
		03D865901A904F4E009D1377 /* Resources */ = {
			isa = PBXResourcesBuildPhase;
			buildActionMask = 2147483647;
			files = (
			);
			runOnlyForDeploymentPostprocessing = 0;
		};
/* End PBXResourcesBuildPhase section */

/* Begin PBXSourcesBuildPhase section */
		03D865751A904F4E009D1377 /* Sources */ = {
			isa = PBXSourcesBuildPhase;
			buildActionMask = 2147483647;
			files = (
				03D865A41A9072C4009D1377 /* SecondViewController.m in Sources */,
				03D865851A904F4E009D1377 /* ViewController.m in Sources */,
				03D865821A904F4E009D1377 /* AppDelegate.m in Sources */,
				03D8657F1A904F4E009D1377 /* main.m in Sources */,
			);
			runOnlyForDeploymentPostprocessing = 0;
		};
		03D8658E1A904F4E009D1377 /* Sources */ = {
			isa = PBXSourcesBuildPhase;
			buildActionMask = 2147483647;
			files = (
				03D865991A904F4E009D1377 /* UStatesTests.m in Sources */,
			);
			runOnlyForDeploymentPostprocessing = 0;
		};
/* End PBXSourcesBuildPhase section */

/* Begin PBXTargetDependency section */
		03D865941A904F4E009D1377 /* PBXTargetDependency */ = {
			isa = PBXTargetDependency;
			target = 03D865781A904F4E009D1377 /* UStates */;
			targetProxy = 03D865931A904F4E009D1377 /* PBXContainerItemProxy */;
		};
/* End PBXTargetDependency section */

/* Begin PBXVariantGroup section */
		03D865861A904F4E009D1377 /* Main.storyboard */ = {
			isa = PBXVariantGroup;
			children = (
				03D865871A904F4E009D1377 /* Base */,
			);
			name = Main.storyboard;
			sourceTree = "<group>";
		};
		03D8658B1A904F4E009D1377 /* LaunchScreen.xib */ = {
			isa = PBXVariantGroup;
			children = (
				03D8658C1A904F4E009D1377 /* Base */,
			);
			name = LaunchScreen.xib;
			sourceTree = "<group>";
		};
/* End PBXVariantGroup section */

/* Begin XCBuildConfiguration section */
		03D8659A1A904F4E009D1377 /* Debug */ = {
			isa = XCBuildConfiguration;
			buildSettings = {
				ALWAYS_SEARCH_USER_PATHS = NO;
				CLANG_CXX_LANGUAGE_STANDARD = "gnu++0x";
				CLANG_CXX_LIBRARY = "libc++";
				CLANG_ENABLE_MODULES = YES;
				CLANG_ENABLE_OBJC_ARC = YES;
				CLANG_WARN_BOOL_CONVERSION = YES;
				CLANG_WARN_CONSTANT_CONVERSION = YES;
				CLANG_WARN_DIRECT_OBJC_ISA_USAGE = YES_ERROR;
				CLANG_WARN_EMPTY_BODY = YES;
				CLANG_WARN_ENUM_CONVERSION = YES;
				CLANG_WARN_INT_CONVERSION = YES;
				CLANG_WARN_OBJC_ROOT_CLASS = YES_ERROR;
				CLANG_WARN_UNREACHABLE_CODE = YES;
				CLANG_WARN__DUPLICATE_METHOD_MATCH = YES;
				"CODE_SIGN_IDENTITY[sdk=iphoneos*]" = "iPhone Developer";
				COPY_PHASE_STRIP = NO;
				ENABLE_STRICT_OBJC_MSGSEND = YES;
				GCC_C_LANGUAGE_STANDARD = gnu99;
				GCC_DYNAMIC_NO_PIC = NO;
				GCC_OPTIMIZATION_LEVEL = 0;
				GCC_PREPROCESSOR_DEFINITIONS = (
					"DEBUG=1",
					"$(inherited)",
				);
				GCC_SYMBOLS_PRIVATE_EXTERN = NO;
				GCC_WARN_64_TO_32_BIT_CONVERSION = YES;
				GCC_WARN_ABOUT_RETURN_TYPE = YES_ERROR;
				GCC_WARN_UNDECLARED_SELECTOR = YES;
				GCC_WARN_UNINITIALIZED_AUTOS = YES_AGGRESSIVE;
				GCC_WARN_UNUSED_FUNCTION = YES;
				GCC_WARN_UNUSED_VARIABLE = YES;
				IPHONEOS_DEPLOYMENT_TARGET = 8.1;
				MTL_ENABLE_DEBUG_INFO = YES;
				ONLY_ACTIVE_ARCH = YES;
				SDKROOT = iphoneos;
			};
			name = Debug;
		};
		03D8659B1A904F4E009D1377 /* Release */ = {
			isa = XCBuildConfiguration;
			buildSettings = {
				ALWAYS_SEARCH_USER_PATHS = NO;
				CLANG_CXX_LANGUAGE_STANDARD = "gnu++0x";
				CLANG_CXX_LIBRARY = "libc++";
				CLANG_ENABLE_MODULES = YES;
				CLANG_ENABLE_OBJC_ARC = YES;
				CLANG_WARN_BOOL_CONVERSION = YES;
				CLANG_WARN_CONSTANT_CONVERSION = YES;
				CLANG_WARN_DIRECT_OBJC_ISA_USAGE = YES_ERROR;
				CLANG_WARN_EMPTY_BODY = YES;
				CLANG_WARN_ENUM_CONVERSION = YES;
				CLANG_WARN_INT_CONVERSION = YES;
				CLANG_WARN_OBJC_ROOT_CLASS = YES_ERROR;
				CLANG_WARN_UNREACHABLE_CODE = YES;
				CLANG_WARN__DUPLICATE_METHOD_MATCH = YES;
				"CODE_SIGN_IDENTITY[sdk=iphoneos*]" = "iPhone Developer";
				COPY_PHASE_STRIP = YES;
				ENABLE_NS_ASSERTIONS = NO;
				ENABLE_STRICT_OBJC_MSGSEND = YES;
				GCC_C_LANGUAGE_STANDARD = gnu99;
				GCC_WARN_64_TO_32_BIT_CONVERSION = YES;
				GCC_WARN_ABOUT_RETURN_TYPE = YES_ERROR;
				GCC_WARN_UNDECLARED_SELECTOR = YES;
				GCC_WARN_UNINITIALIZED_AUTOS = YES_AGGRESSIVE;
				GCC_WARN_UNUSED_FUNCTION = YES;
				GCC_WARN_UNUSED_VARIABLE = YES;
				IPHONEOS_DEPLOYMENT_TARGET = 8.1;
				MTL_ENABLE_DEBUG_INFO = NO;
				SDKROOT = iphoneos;
				VALIDATE_PRODUCT = YES;
			};
			name = Release;
		};
		03D8659D1A904F4E009D1377 /* Debug */ = {
			isa = XCBuildConfiguration;
			buildSettings = {
				ASSETCATALOG_COMPILER_APPICON_NAME = AppIcon;
				INFOPLIST_FILE = UStates/Info.plist;
				LD_RUNPATH_SEARCH_PATHS = "$(inherited) @executable_path/Frameworks";
				PRODUCT_NAME = "$(TARGET_NAME)";
			};
			name = Debug;
		};
		03D8659E1A904F4E009D1377 /* Release */ = {
			isa = XCBuildConfiguration;
			buildSettings = {
				ASSETCATALOG_COMPILER_APPICON_NAME = AppIcon;
				INFOPLIST_FILE = UStates/Info.plist;
				LD_RUNPATH_SEARCH_PATHS = "$(inherited) @executable_path/Frameworks";
				PRODUCT_NAME = "$(TARGET_NAME)";
			};
			name = Release;
		};
		03D865A01A904F4E009D1377 /* Debug */ = {
			isa = XCBuildConfiguration;
			buildSettings = {
				BUNDLE_LOADER = "$(TEST_HOST)";
				FRAMEWORK_SEARCH_PATHS = (
					"$(SDKROOT)/Developer/Library/Frameworks",
					"$(inherited)",
				);
				GCC_PREPROCESSOR_DEFINITIONS = (
					"DEBUG=1",
					"$(inherited)",
				);
				INFOPLIST_FILE = UStatesTests/Info.plist;
				LD_RUNPATH_SEARCH_PATHS = "$(inherited) @executable_path/Frameworks @loader_path/Frameworks";
				PRODUCT_NAME = "$(TARGET_NAME)";
				TEST_HOST = "$(BUILT_PRODUCTS_DIR)/UStates.app/UStates";
			};
			name = Debug;
		};
		03D865A11A904F4E009D1377 /* Release */ = {
			isa = XCBuildConfiguration;
			buildSettings = {
				BUNDLE_LOADER = "$(TEST_HOST)";
				FRAMEWORK_SEARCH_PATHS = (
					"$(SDKROOT)/Developer/Library/Frameworks",
					"$(inherited)",
				);
				INFOPLIST_FILE = UStatesTests/Info.plist;
				LD_RUNPATH_SEARCH_PATHS = "$(inherited) @executable_path/Frameworks @loader_path/Frameworks";
				PRODUCT_NAME = "$(TARGET_NAME)";
				TEST_HOST = "$(BUILT_PRODUCTS_DIR)/UStates.app/UStates";
			};
			name = Release;
		};
/* End XCBuildConfiguration section */

/* Begin XCConfigurationList section */
		03D865741A904F4E009D1377 /* Build configuration list for PBXProject "UStates" */ = {
			isa = XCConfigurationList;
			buildConfigurations = (
				03D8659A1A904F4E009D1377 /* Debug */,
				03D8659B1A904F4E009D1377 /* Release */,
			);
			defaultConfigurationIsVisible = 0;
			defaultConfigurationName = Release;
		};
		03D8659C1A904F4E009D1377 /* Build configuration list for PBXNativeTarget "UStates" */ = {
			isa = XCConfigurationList;
			buildConfigurations = (
				03D8659D1A904F4E009D1377 /* Debug */,
				03D8659E1A904F4E009D1377 /* Release */,
			);
			defaultConfigurationIsVisible = 0;
		};
		03D8659F1A904F4E009D1377 /* Build configuration list for PBXNativeTarget "UStatesTests" */ = {
			isa = XCConfigurationList;
			buildConfigurations = (
				03D865A01A904F4E009D1377 /* Debug */,
				03D865A11A904F4E009D1377 /* Release */,
			);
			defaultConfigurationIsVisible = 0;
		};
/* End XCConfigurationList section */
	};
	rootObject = 03D865711A904F4E009D1377 /* Project object */;
}
